
Microsoft Visual Studio Solution File, Format Version 12.00
# Visual Studio Version 17
VisualStudioVersion = 17.3.32611.2
MinimumVisualStudioVersion = 10.0.40219.1
Project("{9A19103F-16F7-4668-BE54-9A1E7A4F7556}") = "AuthServer.API", "AuthServer.API\AuthServer.API.csproj", "{FE35FD1E-E9CC-4CCE-BB9C-3869BECB0F55}"
EndProject
Project("{9A19103F-16F7-4668-BE54-9A1E7A4F7556}") = "AuthServer.Core", "AuthServer.Core\AuthServer.Core.csproj", "{0863CC90-1462-4141-97C0-3CE9A8416BED}"
EndProject
Project("{9A19103F-16F7-4668-BE54-9A1E7A4F7556}") = "AuthServer.Data", "AuthServer.Data\AuthServer.Data.csproj", "{143FE9C0-BFF9-4AE7-8557-C088F3E3AE70}"
EndProject
Project("{9A19103F-16F7-4668-BE54-9A1E7A4F7556}") = "AuthServer.Service", "AuthServer.Service\AuthServer.Service.csproj", "{94B53D01-5A64-426E-B0F6-7A8F8F9A5EAC}"
EndProject
Project("{9A19103F-16F7-4668-BE54-9A1E7A4F7556}") = "MiniApp1.API", "MiniApp1.API\MiniApp1.API.csproj", "{E7C7AE65-320D-4A61-9CCF-8B39D8ECA1B3}"
EndProject
Project("{9A19103F-16F7-4668-BE54-9A1E7A4F7556}") = "MiniApp2.API", "MiniApp2.API\MiniApp2.API.csproj", "{490152FE-4082-4B65-9432-33C0902544D8}"
EndProject
Project("{9A19103F-16F7-4668-BE54-9A1E7A4F7556}") = "MiniApp3.API", "MiniApp3.API\MiniApp3.API.csproj", "{A6760D97-401A-4E81-8BA6-29D404D62EFB}"
EndProject
Project("{9A19103F-16F7-4668-BE54-9A1E7A4F7556}") = "SharedLibrary", "SharedLibrary\SharedLibrary.csproj", "{0A6A56F7-700A-422C-B805-F2621626CEA2}"
EndProject
Global
	GlobalSection(SolutionConfigurationPlatforms) = preSolution
		Debug|Any CPU = Debug|Any CPU
		Release|Any CPU = Release|Any CPU
	EndGlobalSection
	GlobalSection(ProjectConfigurationPlatforms) = postSolution
		{FE35FD1E-E9CC-4CCE-BB9C-3869BECB0F55}.Debug|Any CPU.ActiveCfg = Debug|Any CPU
		{FE35FD1E-E9CC-4CCE-BB9C-3869BECB0F55}.Debug|Any CPU.Build.0 = Debug|Any CPU
		{FE35FD1E-E9CC-4CCE-BB9C-3869BECB0F55}.Release|Any CPU.ActiveCfg = Release|Any CPU
		{FE35FD1E-E9CC-4CCE-BB9C-3869BECB0F55}.Release|Any CPU.Build.0 = Release|Any CPU
		{0863CC90-1462-4141-97C0-3CE9A8416BED}.Debug|Any CPU.ActiveCfg = Debug|Any CPU
		{0863CC90-1462-4141-97C0-3CE9A8416BED}.Debug|Any CPU.Build.0 = Debug|Any CPU
		{0863CC90-1462-4141-97C0-3CE9A8416BED}.Release|Any CPU.ActiveCfg = Release|Any CPU
		{0863CC90-1462-4141-97C0-3CE9A8416BED}.Release|Any CPU.Build.0 = Release|Any CPU
		{143FE9C0-BFF9-4AE7-8557-C088F3E3AE70}.Debug|Any CPU.ActiveCfg = Debug|Any CPU
		{143FE9C0-BFF9-4AE7-8557-C088F3E3AE70}.Debug|Any CPU.Build.0 = Debug|Any CPU
		{143FE9C0-BFF9-4AE7-8557-C088F3E3AE70}.Release|Any CPU.ActiveCfg = Release|Any CPU
		{143FE9C0-BFF9-4AE7-8557-C088F3E3AE70}.Release|Any CPU.Build.0 = Release|Any CPU
		{94B53D01-5A64-426E-B0F6-7A8F8F9A5EAC}.Debug|Any CPU.ActiveCfg = Debug|Any CPU
		{94B53D01-5A64-426E-B0F6-7A8F8F9A5EAC}.Debug|Any CPU.Build.0 = Debug|Any CPU
		{94B53D01-5A64-426E-B0F6-7A8F8F9A5EAC}.Release|Any CPU.ActiveCfg = Release|Any CPU
		{94B53D01-5A64-426E-B0F6-7A8F8F9A5EAC}.Release|Any CPU.Build.0 = Release|Any CPU
		{E7C7AE65-320D-4A61-9CCF-8B39D8ECA1B3}.Debug|Any CPU.ActiveCfg = Debug|Any CPU
		{E7C7AE65-320D-4A61-9CCF-8B39D8ECA1B3}.Debug|Any CPU.Build.0 = Debug|Any CPU
		{E7C7AE65-320D-4A61-9CCF-8B39D8ECA1B3}.Release|Any CPU.ActiveCfg = Release|Any CPU
		{E7C7AE65-320D-4A61-9CCF-8B39D8ECA1B3}.Release|Any CPU.Build.0 = Release|Any CPU
		{490152FE-4082-4B65-9432-33C0902544D8}.Debug|Any CPU.ActiveCfg = Debug|Any CPU
		{490152FE-4082-4B65-9432-33C0902544D8}.Debug|Any CPU.Build.0 = Debug|Any CPU
		{490152FE-4082-4B65-9432-33C0902544D8}.Release|Any CPU.ActiveCfg = Release|Any CPU
		{490152FE-4082-4B65-9432-33C0902544D8}.Release|Any CPU.Build.0 = Release|Any CPU
		{A6760D97-401A-4E81-8BA6-29D404D62EFB}.Debug|Any CPU.ActiveCfg = Debug|Any CPU
		{A6760D97-401A-4E81-8BA6-29D404D62EFB}.Debug|Any CPU.Build.0 = Debug|Any CPU
		{A6760D97-401A-4E81-8BA6-29D404D62EFB}.Release|Any CPU.ActiveCfg = Release|Any CPU
		{A6760D97-401A-4E81-8BA6-29D404D62EFB}.Release|Any CPU.Build.0 = Release|Any CPU
		{0A6A56F7-700A-422C-B805-F2621626CEA2}.Debug|Any CPU.ActiveCfg = Debug|Any CPU
		{0A6A56F7-700A-422C-B805-F2621626CEA2}.Debug|Any CPU.Build.0 = Debug|Any CPU
		{0A6A56F7-700A-422C-B805-F2621626CEA2}.Release|Any CPU.ActiveCfg = Release|Any CPU
		{0A6A56F7-700A-422C-B805-F2621626CEA2}.Release|Any CPU.Build.0 = Release|Any CPU
	EndGlobalSection
	GlobalSection(SolutionProperties) = preSolution
		HideSolutionNode = FALSE
	EndGlobalSection
	GlobalSection(ExtensibilityGlobals) = postSolution
		SolutionGuid = {865AA9C4-FF4F-48B4-A08D-BC6EC8E33D71}
	EndGlobalSection
EndGlobal
